
Microsoft Visual Studio Solution File, Format Version 12.00
# Visual Studio Version 17
VisualStudioVersion = 17.6.33815.320
MinimumVisualStudioVersion = 10.0.40219.1
Project("{8BC9CEB8-8B4A-11D0-8D11-00A0C91BC942}") = "GameEngineBase", "GameEngineBase\GameEngineBase.vcxproj", "{61A369E1-AD1C-4EEF-85EC-BCE20633F083}"
EndProject
Project("{8BC9CEB8-8B4A-11D0-8D11-00A0C91BC942}") = "GameEnginePlatform", "GameEnginePlatform\GameEnginePlatform.vcxproj", "{D438C18B-BFEB-4BE2-B97E-51CAA4D32FDC}"
	ProjectSection(ProjectDependencies) = postProject
		{61A369E1-AD1C-4EEF-85EC-BCE20633F083} = {61A369E1-AD1C-4EEF-85EC-BCE20633F083}
	EndProjectSection
EndProject
Project("{8BC9CEB8-8B4A-11D0-8D11-00A0C91BC942}") = "App", "App\App.vcxproj", "{5D58AB67-1519-40C7-870D-8BBB53C19733}"
	ProjectSection(ProjectDependencies) = postProject
		{9BF56938-78CB-45AA-AF60-DDB919FA491D} = {9BF56938-78CB-45AA-AF60-DDB919FA491D}
	EndProjectSection
EndProject
Project("{2150E333-8FDC-42A3-9474-1A3956D46DE8}") = "Level0", "Level0", "{26988854-7E09-4AAE-9F77-F31F98648BCF}"
	ProjectSection(SolutionItems) = preProject
		ToDo.txt = ToDo.txt
	EndProjectSection
EndProject
Project("{2150E333-8FDC-42A3-9474-1A3956D46DE8}") = "Level1", "Level1", "{DD3988D6-9938-4C91-B9E3-87858EA3F8C8}"
EndProject
Project("{2150E333-8FDC-42A3-9474-1A3956D46DE8}") = "Level9", "Level9", "{51480C4E-87FB-44E4-A384-2BA87F2B451C}"
EndProject
Project("{2150E333-8FDC-42A3-9474-1A3956D46DE8}") = "Level2", "Level2", "{BF937BCB-B2CA-403A-8021-937EF31B79C3}"
EndProject
Project("{2150E333-8FDC-42A3-9474-1A3956D46DE8}") = "Level3", "Level3", "{E68F0D9F-A658-45A2-BF52-576B9308A964}"
EndProject
Project("{8BC9CEB8-8B4A-11D0-8D11-00A0C91BC942}") = "GameEngineCore", "GameEngineCore\GameEngineCore.vcxproj", "{187BD446-DD64-47FC-9B7F-407379F128B3}"
	ProjectSection(ProjectDependencies) = postProject
		{D438C18B-BFEB-4BE2-B97E-51CAA4D32FDC} = {D438C18B-BFEB-4BE2-B97E-51CAA4D32FDC}
	EndProjectSection
EndProject
Project("{8BC9CEB8-8B4A-11D0-8D11-00A0C91BC942}") = "Contents", "Contents\Contents.vcxproj", "{9BF56938-78CB-45AA-AF60-DDB919FA491D}"
	ProjectSection(ProjectDependencies) = postProject
		{187BD446-DD64-47FC-9B7F-407379F128B3} = {187BD446-DD64-47FC-9B7F-407379F128B3}
	EndProjectSection
EndProject
Project("{8BC9CEB8-8B4A-11D0-8D11-00A0C91BC942}") = "GameEngineCoreShader", "GameEngineCoreShader\GameEngineCoreShader.vcxproj", "{D3765847-B353-4FA1-836B-AB341CA79EA4}"
EndProject
Global
	GlobalSection(SolutionConfigurationPlatforms) = preSolution
		Debug|x64 = Debug|x64
		Debug|x86 = Debug|x86
		Release|x64 = Release|x64
		Release|x86 = Release|x86
	EndGlobalSection
	GlobalSection(ProjectConfigurationPlatforms) = postSolution
		{61A369E1-AD1C-4EEF-85EC-BCE20633F083}.Debug|x64.ActiveCfg = Debug|x64
		{61A369E1-AD1C-4EEF-85EC-BCE20633F083}.Debug|x64.Build.0 = Debug|x64
		{61A369E1-AD1C-4EEF-85EC-BCE20633F083}.Debug|x86.ActiveCfg = Debug|Win32
		{61A369E1-AD1C-4EEF-85EC-BCE20633F083}.Debug|x86.Build.0 = Debug|Win32
		{61A369E1-AD1C-4EEF-85EC-BCE20633F083}.Release|x64.ActiveCfg = Release|x64
		{61A369E1-AD1C-4EEF-85EC-BCE20633F083}.Release|x64.Build.0 = Release|x64
		{61A369E1-AD1C-4EEF-85EC-BCE20633F083}.Release|x86.ActiveCfg = Release|Win32
		{61A369E1-AD1C-4EEF-85EC-BCE20633F083}.Release|x86.Build.0 = Release|Win32
		{D438C18B-BFEB-4BE2-B97E-51CAA4D32FDC}.Debug|x64.ActiveCfg = Debug|x64
		{D438C18B-BFEB-4BE2-B97E-51CAA4D32FDC}.Debug|x64.Build.0 = Debug|x64
		{D438C18B-BFEB-4BE2-B97E-51CAA4D32FDC}.Debug|x86.ActiveCfg = Debug|Win32
		{D438C18B-BFEB-4BE2-B97E-51CAA4D32FDC}.Debug|x86.Build.0 = Debug|Win32
		{D438C18B-BFEB-4BE2-B97E-51CAA4D32FDC}.Release|x64.ActiveCfg = Release|x64
		{D438C18B-BFEB-4BE2-B97E-51CAA4D32FDC}.Release|x64.Build.0 = Release|x64
		{D438C18B-BFEB-4BE2-B97E-51CAA4D32FDC}.Release|x86.ActiveCfg = Release|Win32
		{D438C18B-BFEB-4BE2-B97E-51CAA4D32FDC}.Release|x86.Build.0 = Release|Win32
		{5D58AB67-1519-40C7-870D-8BBB53C19733}.Debug|x64.ActiveCfg = Debug|x64
		{5D58AB67-1519-40C7-870D-8BBB53C19733}.Debug|x64.Build.0 = Debug|x64
		{5D58AB67-1519-40C7-870D-8BBB53C19733}.Debug|x86.ActiveCfg = Debug|Win32
		{5D58AB67-1519-40C7-870D-8BBB53C19733}.Debug|x86.Build.0 = Debug|Win32
		{5D58AB67-1519-40C7-870D-8BBB53C19733}.Release|x64.ActiveCfg = Release|x64
		{5D58AB67-1519-40C7-870D-8BBB53C19733}.Release|x64.Build.0 = Release|x64
		{5D58AB67-1519-40C7-870D-8BBB53C19733}.Release|x86.ActiveCfg = Release|Win32
		{5D58AB67-1519-40C7-870D-8BBB53C19733}.Release|x86.Build.0 = Release|Win32
		{187BD446-DD64-47FC-9B7F-407379F128B3}.Debug|x64.ActiveCfg = Debug|x64
		{187BD446-DD64-47FC-9B7F-407379F128B3}.Debug|x64.Build.0 = Debug|x64
		{187BD446-DD64-47FC-9B7F-407379F128B3}.Debug|x86.ActiveCfg = Debug|Win32
		{187BD446-DD64-47FC-9B7F-407379F128B3}.Debug|x86.Build.0 = Debug|Win32
		{187BD446-DD64-47FC-9B7F-407379F128B3}.Release|x64.ActiveCfg = Release|x64
		{187BD446-DD64-47FC-9B7F-407379F128B3}.Release|x64.Build.0 = Release|x64
		{187BD446-DD64-47FC-9B7F-407379F128B3}.Release|x86.ActiveCfg = Release|Win32
		{187BD446-DD64-47FC-9B7F-407379F128B3}.Release|x86.Build.0 = Release|Win32
		{9BF56938-78CB-45AA-AF60-DDB919FA491D}.Debug|x64.ActiveCfg = Debug|x64
		{9BF56938-78CB-45AA-AF60-DDB919FA491D}.Debug|x64.Build.0 = Debug|x64
		{9BF56938-78CB-45AA-AF60-DDB919FA491D}.Debug|x86.ActiveCfg = Debug|Win32
		{9BF56938-78CB-45AA-AF60-DDB919FA491D}.Debug|x86.Build.0 = Debug|Win32
		{9BF56938-78CB-45AA-AF60-DDB919FA491D}.Release|x64.ActiveCfg = Release|x64
		{9BF56938-78CB-45AA-AF60-DDB919FA491D}.Release|x64.Build.0 = Release|x64
		{9BF56938-78CB-45AA-AF60-DDB919FA491D}.Release|x86.ActiveCfg = Release|Win32
		{9BF56938-78CB-45AA-AF60-DDB919FA491D}.Release|x86.Build.0 = Release|Win32
		{D3765847-B353-4FA1-836B-AB341CA79EA4}.Debug|x64.ActiveCfg = Debug|x64
		{D3765847-B353-4FA1-836B-AB341CA79EA4}.Debug|x64.Build.0 = Debug|x64
		{D3765847-B353-4FA1-836B-AB341CA79EA4}.Debug|x86.ActiveCfg = Debug|Win32
		{D3765847-B353-4FA1-836B-AB341CA79EA4}.Debug|x86.Build.0 = Debug|Win32
		{D3765847-B353-4FA1-836B-AB341CA79EA4}.Release|x64.ActiveCfg = Release|x64
		{D3765847-B353-4FA1-836B-AB341CA79EA4}.Release|x64.Build.0 = Release|x64
		{D3765847-B353-4FA1-836B-AB341CA79EA4}.Release|x86.ActiveCfg = Release|Win32
		{D3765847-B353-4FA1-836B-AB341CA79EA4}.Release|x86.Build.0 = Release|Win32
	EndGlobalSection
	GlobalSection(SolutionProperties) = preSolution
		HideSolutionNode = FALSE
	EndGlobalSection
	GlobalSection(NestedProjects) = preSolution
		{61A369E1-AD1C-4EEF-85EC-BCE20633F083} = {26988854-7E09-4AAE-9F77-F31F98648BCF}
		{D438C18B-BFEB-4BE2-B97E-51CAA4D32FDC} = {DD3988D6-9938-4C91-B9E3-87858EA3F8C8}
		{5D58AB67-1519-40C7-870D-8BBB53C19733} = {51480C4E-87FB-44E4-A384-2BA87F2B451C}
		{187BD446-DD64-47FC-9B7F-407379F128B3} = {BF937BCB-B2CA-403A-8021-937EF31B79C3}
		{9BF56938-78CB-45AA-AF60-DDB919FA491D} = {E68F0D9F-A658-45A2-BF52-576B9308A964}
		{D3765847-B353-4FA1-836B-AB341CA79EA4} = {BF937BCB-B2CA-403A-8021-937EF31B79C3}
	EndGlobalSection
	GlobalSection(ExtensibilityGlobals) = postSolution
		SolutionGuid = {90B69774-47B8-430B-9BCE-DF9DFDD5534E}
	EndGlobalSection
EndGlobal
