<?xml version="1.0" encoding="utf-8"?>
<Project ToolsVersion="4.0" xmlns="http://schemas.microsoft.com/developer/msbuild/2003">
  <ItemGroup>
    <ClCompile Include="PreCompile.cpp">
      <Filter>01. PreCompile</Filter>
    </ClCompile>
    <ClCompile Include="GameEngineSound.cpp">
      <Filter>FMOD</Filter>
    </ClCompile>
    <ClCompile Include="GameEngineInput.cpp">
      <Filter>Window</Filter>
    </ClCompile>
    <ClCompile Include="GameEngineWindow.cpp">
      <Filter>Window</Filter>
    </ClCompile>
  </ItemGroup>
  <ItemGroup>
    <ClInclude Include="PreCompile.h">
      <Filter>01. PreCompile</Filter>
    </ClInclude>
    <ClInclude Include="GameEngineSound.h">
      <Filter>FMOD</Filter>
    </ClInclude>
    <ClInclude Include="GameEngineInput.h">
      <Filter>Window</Filter>
    </ClInclude>
    <ClInclude Include="GameEngineWindow.h">
      <Filter>Window</Filter>
    </ClInclude>
  </ItemGroup>
  <ItemGroup>
    <Filter Include="FMOD">
      <UniqueIdentifier>{e364ee60-9f0d-40e1-aec8-a4fb311a1d1b}</UniqueIdentifier>
    </Filter>
    <Filter Include="FMOD\Release">
      <UniqueIdentifier>{9d9b6db0-84d9-4dc8-a2a6-735edb5139c4}</UniqueIdentifier>
    </Filter>
    <Filter Include="FMOD\Debug">
      <UniqueIdentifier>{9da9a5ce-c00f-4a4b-8e12-ec072b578be9}</UniqueIdentifier>
    </Filter>
    <Filter Include="Window">
      <UniqueIdentifier>{eb919dc6-c426-47e1-b5c4-8a203865834e}</UniqueIdentifier>
    </Filter>
    <Filter Include="01. PreCompile">
      <UniqueIdentifier>{94715e95-bcb8-4838-9b80-b68a38e373f9}</UniqueIdentifier>
    </Filter>
  </ItemGroup>
  <ItemGroup>
    <Library Include="ThirdParty\FMOD\lib\x64\fmod_vc.lib">
      <Filter>FMOD\Release</Filter>
    </Library>
    <Library Include="ThirdParty\FMOD\lib\x64\fmodL_vc.lib">
      <Filter>FMOD\Debug</Filter>
    </Library>
  </ItemGroup>
  <ItemGroup>
    <CopyFileToFolders Include="ThirdParty\FMOD\lib\x64\fmod.dll">
      <Filter>FMOD\Release</Filter>
    </CopyFileToFolders>
    <CopyFileToFolders Include="ThirdParty\FMOD\lib\x64\fmodL.dll">
      <Filter>FMOD\Debug</Filter>
    </CopyFileToFolders>
  </ItemGroup>
</Project>