<?xml version="1.0" encoding="utf-8"?>
<Project ToolsVersion="4.0" xmlns="http://schemas.microsoft.com/developer/msbuild/2003">
  <ItemGroup>
    <Filter Include="01. PreCompile">
      <UniqueIdentifier>{1a5d5f57-9da5-44e1-81a4-ab0f755a907b}</UniqueIdentifier>
    </Filter>
  </ItemGroup>
  <ItemGroup>
    <ClCompile Include="PreCompile.cpp">
      <Filter>01. PreCompile</Filter>
    </ClCompile>
    <ClCompile Include="ContentsCore.cpp" />
  </ItemGroup>
  <ItemGroup>
    <ClInclude Include="PreCompile.h">
      <Filter>01. PreCompile</Filter>
    </ClInclude>
    <ClInclude Include="ContentsCore.h" />
  </ItemGroup>
</Project>