<?xml version="1.0" encoding="utf-8"?>
<Project ToolsVersion="4.0" xmlns="http://schemas.microsoft.com/developer/msbuild/2003">
  <ItemGroup>
    <ClInclude Include="GameEngineMath.h" />
    <ClInclude Include="GameEngineDebug.h" />
    <ClInclude Include="GameEnginePath.h" />
    <ClInclude Include="GameEngineRandom.h" />
    <ClInclude Include="GameEngineString.h" />
    <ClInclude Include="GameEngineTime.h" />
    <ClInclude Include="PreCompile.h">
      <Filter>PreCompile</Filter>
    </ClInclude>
  </ItemGroup>
  <ItemGroup>
    <ClCompile Include="GameEngineMath.cpp" />
    <ClCompile Include="GameEngineDebug.cpp" />
    <ClCompile Include="GameEnginePath.cpp" />
    <ClCompile Include="GameEngineRandom.cpp" />
    <ClCompile Include="GameEngineString.cpp" />
    <ClCompile Include="GameEngineTime.cpp" />
    <ClCompile Include="PreCompile.cpp">
      <Filter>PreCompile</Filter>
    </ClCompile>
  </ItemGroup>
  <ItemGroup>
    <Filter Include="PreCompile">
      <UniqueIdentifier>{9eae4354-2b76-4c50-bfc0-71fec9376b7c}</UniqueIdentifier>
    </Filter>
  </ItemGroup>
</Project>